[root]
name = "speedtest-rust"
version = "0.0.1"
dependencies = [
 "xml-rs 0.1.13 (git+https://github.com/netvl/xml-rs.git)",
]

[[package]]
name = "bitflags"
version = "0.1.0"
source = "registry+https://github.com/rust-lang/crates.io-index"

[[package]]
name = "xml-rs"
version = "0.1.13"
source = "git+https://github.com/netvl/xml-rs.git#b479dcffded3d7ffc10ee853344ea23269d5a7be"
dependencies = [
 "bitflags 0.1.0 (registry+https://github.com/rust-lang/crates.io-index)",
]

